{
  "version": 4,
  "terraform_version": "1.2.4",
  "serial": 9,
  "lineage": "5efc813d-b63e-c5c3-8c23-9d49052e47d5",
  "outputs": {},
  "resources": [
    {
      "mode": "managed",
      "type": "azuredevops_build_definition",
      "name": "tf",
      "provider": "provider[\"registry.terraform.io/microsoft/azuredevops\"]",
      "instances": [
        {
          "schema_version": 0,
          "attributes": {
            "agent_pool_name": "Azure Pipelines",
            "ci_trigger": [
              {
                "override": [],
                "use_yaml": true
              }
            ],
            "id": "18",
            "name": "sample-pipeline-build-definition",
            "path": "\\",
            "project_id": "e4b8ebf3-708b-4365-8616-fd80a891b77a",
            "pull_request_trigger": [],
            "repository": [
              {
                "branch_name": "refs/heads/main",
                "github_enterprise_url": "",
                "repo_id": "Realayushimishra/kubeflow-simple-pipeline",
                "repo_type": "GitHub",
                "report_build_status": true,
                "service_connection_id": "f17d0e6c-60fc-43b8-8990-8658cb80b31c",
                "yml_path": ""
              }
            ],
            "revision": 2,
            "schedules": [],
            "variable": [],
            "variable_groups": []
          },
          "sensitive_attributes": [],
          "private": "bnVsbA==",
          "dependencies": [
            "azuredevops_project.janethterraformproject",
            "azuredevops_serviceendpoint_github.github_serviceendpoint"
          ]
        }
      ]
    },
    {
      "mode": "managed",
      "type": "azuredevops_project",
      "name": "janethterraformproject",
      "provider": "provider[\"registry.terraform.io/microsoft/azuredevops\"]",
      "instances": [
        {
          "schema_version": 0,
          "attributes": {
            "description": "vipin-terraform-pipeline-project",
            "features": {
              "artifacts": "enabled",
              "boards": "enabled",
              "pipelines": "enabled",
              "repositories": "enabled",
              "testplans": "enabled"
            },
            "id": "e4b8ebf3-708b-4365-8616-fd80a891b77a",
            "name": "vipin-terraform-project",
            "process_template_id": "b8a3a935-7e91-48b8-a94c-606d37c3e9f2",
            "timeouts": null,
            "version_control": "Git",
            "visibility": "private",
            "work_item_template": "Basic"
          },
          "sensitive_attributes": [],
          "private": "eyJlMmJmYjczMC1lY2FhLTExZTYtOGY4OC0zNDM2M2JjN2M0YzAiOnsiY3JlYXRlIjo2MDAwMDAwMDAwMDAsImRlbGV0ZSI6NjAwMDAwMDAwMDAwLCJyZWFkIjozMDAwMDAwMDAwMDAsInVwZGF0ZSI6NjAwMDAwMDAwMDAwfX0="
        }
      ]
    },
    {
      "mode": "managed",
      "type": "azuredevops_serviceendpoint_github",
      "name": "github_serviceendpoint",
      "provider": "provider[\"registry.terraform.io/microsoft/azuredevops\"]",
      "instances": [
        {
          "schema_version": 0,
          "attributes": {
            "auth_oauth": [],
            "auth_personal": [
              {
                "personal_access_token": "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",
                "personal_access_token_hash": "$2a$04$1qzCAdOeymIq.e/61LhhFOFDwuBlpeU3EMhVtQnfHTXC/IKDOPmaG"
              }
            ],
            "authorization": {
              "scheme": "Token"
            },
            "description": "Managed by Terraform",
            "id": "f17d0e6c-60fc-43b8-8990-8658cb80b31c",
            "project_id": "e4b8ebf3-708b-4365-8616-fd80a891b77a",
            "service_endpoint_name": "vipin-1",
            "timeouts": null
          },
          "sensitive_attributes": [],
          "private": "eyJlMmJmYjczMC1lY2FhLTExZTYtOGY4OC0zNDM2M2JjN2M0YzAiOnsiY3JlYXRlIjoxMjAwMDAwMDAwMDAsImRlbGV0ZSI6MTIwMDAwMDAwMDAwLCJyZWFkIjo2MDAwMDAwMDAwMCwidXBkYXRlIjoxMjAwMDAwMDAwMDB9fQ==",
          "dependencies": [
            "azuredevops_project.janethterraformproject"
          ]
        }
      ]
    }
  ]
}
